Microsoft Visual Studio Solution File, Format Version 11.00
# Visual Studio 2008

Project("{F131C368-7768-3358-0A89-FCF32C7ECD86}") = "Slot Wheel", "Assembly-UnityScript.unityproj", "{B1C9E612-AF50-A9D1-CB35-23150BFB6E4C}"
EndProject
Global
	GlobalSection(SolutionConfigurationPlatforms) = preSolution
		Debug|Any CPU = Debug|Any CPU
		Release|Any CPU = Release|Any CPU
	EndGlobalSection
	GlobalSection(ProjectConfigurationPlatforms) = postSolution
		{B1C9E612-AF50-A9D1-CB35-23150BFB6E4C}.Debug|Any CPU.ActiveCfg = Debug|Any CPU
		{B1C9E612-AF50-A9D1-CB35-23150BFB6E4C}.Debug|Any CPU.Build.0 = Debug|Any CPU
		{B1C9E612-AF50-A9D1-CB35-23150BFB6E4C}.Release|Any CPU.ActiveCfg = Release|Any CPU
		{B1C9E612-AF50-A9D1-CB35-23150BFB6E4C}.Release|Any CPU.Build.0 = Release|Any CPU
	EndGlobalSection
	GlobalSection(SolutionProperties) = preSolution
		HideSolutionNode = FALSE
	EndGlobalSection
																						GlobalSection(MonoDevelopProperties) = preSolution
		StartupItem = Assembly-CSharp.csproj
		Policies = $0
		$0.TextStylePolicy = $1
		$1.inheritsSet = null
		$1.scope = text/x-csharp
		$0.CSharpFormattingPolicy = $2
		$2.inheritsSet = Mono
		$2.inheritsScope = text/x-csharp
		$2.scope = text/x-csharp
		$0.TextStylePolicy = $3
		$3.FileWidth = 120
		$3.TabWidth = 4
		$3.IndentWidth = 4
		$3.EolMarker = Unix
		$3.inheritsSet = Mono
		$3.inheritsScope = text/plain
		$3.scope = text/plain
	EndGlobalSection
EndGlobal
